
Microsoft Visual Studio Solution File, Format Version 12.00
# Visual Studio 14
VisualStudioVersion = 14.0.25420.1
MinimumVisualStudioVersion = 10.0.40219.1
Project("{FAE04EC0-301F-11D3-BF4B-00C04F79EFBC}") = "DataNirvana.Dropbox", "DataNirvana.Dropbox\DataNirvana.Dropbox.csproj", "{2614450F-B9CB-480E-AB9C-F5B6E1376D96}"
EndProject
Project("{FAE04EC0-301F-11D3-BF4B-00C04F79EFBC}") = "DataNirvana.DropboxTest", "..\..\Projects\DataNirvana.DropboxTest\DataNirvana.DropboxTest.csproj", "{6DB6E6CD-DC10-4FF3-B6D5-F3AC2C8268B3}"
EndProject
Global
	GlobalSection(SolutionConfigurationPlatforms) = preSolution
		Debug|Any CPU = Debug|Any CPU
		Release|Any CPU = Release|Any CPU
	EndGlobalSection
	GlobalSection(ProjectConfigurationPlatforms) = postSolution
		{2614450F-B9CB-480E-AB9C-F5B6E1376D96}.Debug|Any CPU.ActiveCfg = Debug|Any CPU
		{2614450F-B9CB-480E-AB9C-F5B6E1376D96}.Debug|Any CPU.Build.0 = Debug|Any CPU
		{2614450F-B9CB-480E-AB9C-F5B6E1376D96}.Release|Any CPU.ActiveCfg = Release|Any CPU
		{2614450F-B9CB-480E-AB9C-F5B6E1376D96}.Release|Any CPU.Build.0 = Release|Any CPU
		{6DB6E6CD-DC10-4FF3-B6D5-F3AC2C8268B3}.Debug|Any CPU.ActiveCfg = Debug|Any CPU
		{6DB6E6CD-DC10-4FF3-B6D5-F3AC2C8268B3}.Debug|Any CPU.Build.0 = Debug|Any CPU
		{6DB6E6CD-DC10-4FF3-B6D5-F3AC2C8268B3}.Release|Any CPU.ActiveCfg = Release|Any CPU
		{6DB6E6CD-DC10-4FF3-B6D5-F3AC2C8268B3}.Release|Any CPU.Build.0 = Release|Any CPU
	EndGlobalSection
	GlobalSection(SolutionProperties) = preSolution
		HideSolutionNode = FALSE
	EndGlobalSection
EndGlobal
